
Microsoft Visual Studio Solution File, Format Version 12.00
# Visual Studio 14
VisualStudioVersion = 14.0.23107.0
MinimumVisualStudioVersion = 10.0.40219.1
Project("{FAE04EC0-301F-11D3-BF4B-00C04F79EFBC}") = "Publisher.Model", "..\src\Publisher.Model\Publisher.Model.csproj", "{F22A815F-823F-4C2C-BE30-65A2EBF897AD}"
EndProject
Project("{FAE04EC0-301F-11D3-BF4B-00C04F79EFBC}") = "Publisher.ModelInterfaces", "..\src\Publisher.ModelInterfaces\Publisher.ModelInterfaces.csproj", "{24FA42B7-2561-435B-B18A-B6ED90C40F83}"
EndProject
Project("{FAE04EC0-301F-11D3-BF4B-00C04F79EFBC}") = "Publisher.WebConsole", "..\src\Publisher.WebConsole\Publisher.WebConsole.csproj", "{3DC917B1-D15E-4F31-82FE-04E7CE532110}"
EndProject
Global
	GlobalSection(SolutionConfigurationPlatforms) = preSolution
		Debug|Any CPU = Debug|Any CPU
		Release|Any CPU = Release|Any CPU
	EndGlobalSection
	GlobalSection(ProjectConfigurationPlatforms) = postSolution
		{F22A815F-823F-4C2C-BE30-65A2EBF897AD}.Debug|Any CPU.ActiveCfg = Debug|Any CPU
		{F22A815F-823F-4C2C-BE30-65A2EBF897AD}.Debug|Any CPU.Build.0 = Debug|Any CPU
		{F22A815F-823F-4C2C-BE30-65A2EBF897AD}.Release|Any CPU.ActiveCfg = Release|Any CPU
		{F22A815F-823F-4C2C-BE30-65A2EBF897AD}.Release|Any CPU.Build.0 = Release|Any CPU
		{24FA42B7-2561-435B-B18A-B6ED90C40F83}.Debug|Any CPU.ActiveCfg = Debug|Any CPU
		{24FA42B7-2561-435B-B18A-B6ED90C40F83}.Debug|Any CPU.Build.0 = Debug|Any CPU
		{24FA42B7-2561-435B-B18A-B6ED90C40F83}.Release|Any CPU.ActiveCfg = Release|Any CPU
		{24FA42B7-2561-435B-B18A-B6ED90C40F83}.Release|Any CPU.Build.0 = Release|Any CPU
		{3DC917B1-D15E-4F31-82FE-04E7CE532110}.Debug|Any CPU.ActiveCfg = Debug|Any CPU
		{3DC917B1-D15E-4F31-82FE-04E7CE532110}.Debug|Any CPU.Build.0 = Debug|Any CPU
		{3DC917B1-D15E-4F31-82FE-04E7CE532110}.Release|Any CPU.ActiveCfg = Release|Any CPU
		{3DC917B1-D15E-4F31-82FE-04E7CE532110}.Release|Any CPU.Build.0 = Release|Any CPU
	EndGlobalSection
	GlobalSection(SolutionProperties) = preSolution
		HideSolutionNode = FALSE
	EndGlobalSection
EndGlobal
